
Microsoft Visual Studio Solution File, Format Version 12.00
# Visual Studio Version 16
VisualStudioVersion = 16.0.30611.23
MinimumVisualStudioVersion = 10.0.40219.1
Project("{9A19103F-16F7-4668-BE54-9A1E7A4F7556}") = "MovieShop.Web", "Movie.Web\MovieShop.Web.csproj", "{7C481B1C-6582-4981-A43B-2B2E419DC983}"
EndProject
Project("{FAE04EC0-301F-11D3-BF4B-00C04F79EFBC}") = "MovieShop.Core", "MovieShop.Core\MovieShop.Core.csproj", "{1497E830-96B2-49E6-9B8F-C1D1CA3A19F3}"
EndProject
Project("{FAE04EC0-301F-11D3-BF4B-00C04F79EFBC}") = "MovieShop.Infrastructure", "MovieShop.Infrastructure\MovieShop.Infrastructure.csproj", "{0456F3A4-DC37-4229-93A6-B95FF0E609FA}"
EndProject
Global
	GlobalSection(SolutionConfigurationPlatforms) = preSolution
		Debug|Any CPU = Debug|Any CPU
		Release|Any CPU = Release|Any CPU
	EndGlobalSection
	GlobalSection(ProjectConfigurationPlatforms) = postSolution
		{7C481B1C-6582-4981-A43B-2B2E419DC983}.Debug|Any CPU.ActiveCfg = Debug|Any CPU
		{7C481B1C-6582-4981-A43B-2B2E419DC983}.Debug|Any CPU.Build.0 = Debug|Any CPU
		{7C481B1C-6582-4981-A43B-2B2E419DC983}.Release|Any CPU.ActiveCfg = Release|Any CPU
		{7C481B1C-6582-4981-A43B-2B2E419DC983}.Release|Any CPU.Build.0 = Release|Any CPU
		{1497E830-96B2-49E6-9B8F-C1D1CA3A19F3}.Debug|Any CPU.ActiveCfg = Debug|Any CPU
		{1497E830-96B2-49E6-9B8F-C1D1CA3A19F3}.Debug|Any CPU.Build.0 = Debug|Any CPU
		{1497E830-96B2-49E6-9B8F-C1D1CA3A19F3}.Release|Any CPU.ActiveCfg = Release|Any CPU
		{1497E830-96B2-49E6-9B8F-C1D1CA3A19F3}.Release|Any CPU.Build.0 = Release|Any CPU
		{0456F3A4-DC37-4229-93A6-B95FF0E609FA}.Debug|Any CPU.ActiveCfg = Debug|Any CPU
		{0456F3A4-DC37-4229-93A6-B95FF0E609FA}.Debug|Any CPU.Build.0 = Debug|Any CPU
		{0456F3A4-DC37-4229-93A6-B95FF0E609FA}.Release|Any CPU.ActiveCfg = Release|Any CPU
		{0456F3A4-DC37-4229-93A6-B95FF0E609FA}.Release|Any CPU.Build.0 = Release|Any CPU
	EndGlobalSection
	GlobalSection(SolutionProperties) = preSolution
		HideSolutionNode = FALSE
	EndGlobalSection
	GlobalSection(ExtensibilityGlobals) = postSolution
		SolutionGuid = {9E2A95B3-5740-4897-A359-E0241783F8E6}
	EndGlobalSection
EndGlobal
